// !$*UTF8*$!
{
	archiveVersion = 1;
	classes = {
	};
	objectVersion = 46;
	objects = {

/* Begin PBXBuildFile section */
		6520060D1F463E1700D9FD2F /* AppDelegate.swift in Sources */ = {isa = PBXBuildFile; fileRef = 6520060C1F463E1700D9FD2F /* AppDelegate.swift */; };
		652006111F463E1700D9FD2F /* Assets.xcassets in Resources */ = {isa = PBXBuildFile; fileRef = 652006101F463E1700D9FD2F /* Assets.xcassets */; };
		652006141F463E1700D9FD2F /* Main.storyboard in Resources */ = {isa = PBXBuildFile; fileRef = 652006121F463E1700D9FD2F /* Main.storyboard */; };
		6520061D1F46537200D9FD2F /* EditorViewController.swift in Sources */ = {isa = PBXBuildFile; fileRef = 6520061B1F46537200D9FD2F /* EditorViewController.swift */; };
		6520061E1F46537200D9FD2F /* EditorViewController.xib in Resources */ = {isa = PBXBuildFile; fileRef = 6520061C1F46537200D9FD2F /* EditorViewController.xib */; };
		65D87A031F7363890069B2F1 /* NSEventModifierFlags+HotKey.swift in Sources */ = {isa = PBXBuildFile; fileRef = 65D879FE1F7363880069B2F1 /* NSEventModifierFlags+HotKey.swift */; };
		65D87A041F7363890069B2F1 /* HotKey.swift in Sources */ = {isa = PBXBuildFile; fileRef = 65D879FF1F7363890069B2F1 /* HotKey.swift */; };
		65D87A051F7363890069B2F1 /* Key.swift in Sources */ = {isa = PBXBuildFile; fileRef = 65D87A001F7363890069B2F1 /* Key.swift */; };
		65D87A061F7363890069B2F1 /* HotKeysController.swift in Sources */ = {isa = PBXBuildFile; fileRef = 65D87A011F7363890069B2F1 /* HotKeysController.swift */; };
		65D87A071F7363890069B2F1 /* KeyCombo.swift in Sources */ = {isa = PBXBuildFile; fileRef = 65D87A021F7363890069B2F1 /* KeyCombo.swift */; };
/* End PBXBuildFile section */

/* Begin PBXFileReference section */
		652006091F463E1700D9FD2F /* tyke.app */ = {isa = PBXFileReference; explicitFileType = wrapper.application; includeInIndex = 0; path = tyke.app; sourceTree = BUILT_PRODUCTS_DIR; };
		6520060C1F463E1700D9FD2F /* AppDelegate.swift */ = {isa = PBXFileReference; lastKnownFileType = sourcecode.swift; path = AppDelegate.swift; sourceTree = "<group>"; };
		652006101F463E1700D9FD2F /* Assets.xcassets */ = {isa = PBXFileReference; lastKnownFileType = folder.assetcatalog; path = Assets.xcassets; sourceTree = "<group>"; };
		652006131F463E1700D9FD2F /* Base */ = {isa = PBXFileReference; lastKnownFileType = file.storyboard; name = Base; path = Base.lproj/Main.storyboard; sourceTree = "<group>"; };
		652006151F463E1700D9FD2F /* Info.plist */ = {isa = PBXFileReference; lastKnownFileType = text.plist.xml; path = Info.plist; sourceTree = "<group>"; };
		6520061B1F46537200D9FD2F /* EditorViewController.swift */ = {isa = PBXFileReference; fileEncoding = 4; lastKnownFileType = sourcecode.swift; path = EditorViewController.swift; sourceTree = "<group>"; };
		6520061C1F46537200D9FD2F /* EditorViewController.xib */ = {isa = PBXFileReference; fileEncoding = 4; lastKnownFileType = file.xib; path = EditorViewController.xib; sourceTree = "<group>"; };
		65D879FE1F7363880069B2F1 /* NSEventModifierFlags+HotKey.swift */ = {isa = PBXFileReference; lastKnownFileType = sourcecode.swift; path = "NSEventModifierFlags+HotKey.swift"; sourceTree = "<group>"; };
		65D879FF1F7363890069B2F1 /* HotKey.swift */ = {isa = PBXFileReference; lastKnownFileType = sourcecode.swift; path = HotKey.swift; sourceTree = "<group>"; };
		65D87A001F7363890069B2F1 /* Key.swift */ = {isa = PBXFileReference; lastKnownFileType = sourcecode.swift; path = Key.swift; sourceTree = "<group>"; };
		65D87A011F7363890069B2F1 /* HotKeysController.swift */ = {isa = PBXFileReference; lastKnownFileType = sourcecode.swift; path = HotKeysController.swift; sourceTree = "<group>"; };
		65D87A021F7363890069B2F1 /* KeyCombo.swift */ = {isa = PBXFileReference; lastKnownFileType = sourcecode.swift; path = KeyCombo.swift; sourceTree = "<group>"; };
/* End PBXFileReference section */

/* Begin PBXFrameworksBuildPhase section */
		652006061F463E1700D9FD2F /* Frameworks */ = {
			isa = PBXFrameworksBuildPhase;
			buildActionMask = 2147483647;
			files = (
			);
			runOnlyForDeploymentPostprocessing = 0;
		};
/* End PBXFrameworksBuildPhase section */

/* Begin PBXGroup section */
		652006001F463E1700D9FD2F = {
			isa = PBXGroup;
			children = (
				6520060B1F463E1700D9FD2F /* tyke */,
				6520060A1F463E1700D9FD2F /* Products */,
			);
			sourceTree = "<group>";
		};
		6520060A1F463E1700D9FD2F /* Products */ = {
			isa = PBXGroup;
			children = (
				652006091F463E1700D9FD2F /* tyke.app */,
			);
			name = Products;
			sourceTree = "<group>";
		};
		6520060B1F463E1700D9FD2F /* tyke */ = {
			isa = PBXGroup;
			children = (
				6520060C1F463E1700D9FD2F /* AppDelegate.swift */,
				6520061B1F46537200D9FD2F /* EditorViewController.swift */,
				6520061C1F46537200D9FD2F /* EditorViewController.xib */,
				652006101F463E1700D9FD2F /* Assets.xcassets */,
				652006121F463E1700D9FD2F /* Main.storyboard */,
				652006151F463E1700D9FD2F /* Info.plist */,
				65D879FF1F7363890069B2F1 /* HotKey.swift */,
				65D87A011F7363890069B2F1 /* HotKeysController.swift */,
				65D87A001F7363890069B2F1 /* Key.swift */,
				65D87A021F7363890069B2F1 /* KeyCombo.swift */,
				65D879FE1F7363880069B2F1 /* NSEventModifierFlags+HotKey.swift */,
			);
			path = tyke;
			sourceTree = "<group>";
		};
/* End PBXGroup section */

/* Begin PBXNativeTarget section */
		652006081F463E1700D9FD2F /* tyke */ = {
			isa = PBXNativeTarget;
			buildConfigurationList = 652006181F463E1700D9FD2F /* Build configuration list for PBXNativeTarget "tyke" */;
			buildPhases = (
				652006051F463E1700D9FD2F /* Sources */,
				652006061F463E1700D9FD2F /* Frameworks */,
				652006071F463E1700D9FD2F /* Resources */,
			);
			buildRules = (
			);
			dependencies = (
			);
			name = tyke;
			productName = tyke;
			productReference = 652006091F463E1700D9FD2F /* tyke.app */;
			productType = "com.apple.product-type.application";
		};
/* End PBXNativeTarget section */

/* Begin PBXProject section */
		652006011F463E1700D9FD2F /* Project object */ = {
			isa = PBXProject;
			attributes = {
				LastSwiftUpdateCheck = 0830;
				LastUpgradeCheck = 0830;
				ORGANIZATIONNAME = "Andre Torrez";
				TargetAttributes = {
					652006081F463E1700D9FD2F = {
						CreatedOnToolsVersion = 8.3.3;
						ProvisioningStyle = Automatic;
					};
				};
			};
			buildConfigurationList = 652006041F463E1700D9FD2F /* Build configuration list for PBXProject "tyke" */;
			compatibilityVersion = "Xcode 3.2";
			developmentRegion = English;
			hasScannedForEncodings = 0;
			knownRegions = (
				en,
				Base,
			);
			mainGroup = 652006001F463E1700D9FD2F;
			productRefGroup = 6520060A1F463E1700D9FD2F /* Products */;
			projectDirPath = "";
			projectRoot = "";
			targets = (
				652006081F463E1700D9FD2F /* tyke */,
			);
		};
/* End PBXProject section */

/* Begin PBXResourcesBuildPhase section */
		652006071F463E1700D9FD2F /* Resources */ = {
			isa = PBXResourcesBuildPhase;
			buildActionMask = 2147483647;
			files = (
				6520061E1F46537200D9FD2F /* EditorViewController.xib in Resources */,
				652006111F463E1700D9FD2F /* Assets.xcassets in Resources */,
				652006141F463E1700D9FD2F /* Main.storyboard in Resources */,
			);
			runOnlyForDeploymentPostprocessing = 0;
		};
/* End PBXResourcesBuildPhase section */

/* Begin PBXSourcesBuildPhase section */
		652006051F463E1700D9FD2F /* Sources */ = {
			isa = PBXSourcesBuildPhase;
			buildActionMask = 2147483647;
			files = (
				6520060D1F463E1700D9FD2F /* AppDelegate.swift in Sources */,
				65D87A051F7363890069B2F1 /* Key.swift in Sources */,
				65D87A071F7363890069B2F1 /* KeyCombo.swift in Sources */,
				6520061D1F46537200D9FD2F /* EditorViewController.swift in Sources */,
				65D87A061F7363890069B2F1 /* HotKeysController.swift in Sources */,
				65D87A031F7363890069B2F1 /* NSEventModifierFlags+HotKey.swift in Sources */,
				65D87A041F7363890069B2F1 /* HotKey.swift in Sources */,
			);
			runOnlyForDeploymentPostprocessing = 0;
		};
/* End PBXSourcesBuildPhase section */

/* Begin PBXVariantGroup section */
		652006121F463E1700D9FD2F /* Main.storyboard */ = {
			isa = PBXVariantGroup;
			children = (
				652006131F463E1700D9FD2F /* Base */,
			);
			name = Main.storyboard;
			sourceTree = "<group>";
		};
/* End PBXVariantGroup section */

/* Begin XCBuildConfiguration section */
		652006161F463E1700D9FD2F /* Debug */ = {
			isa = XCBuildConfiguration;
			buildSettings = {
				ALWAYS_SEARCH_USER_PATHS = NO;
				CLANG_ANALYZER_NONNULL = YES;
				CLANG_ANALYZER_NUMBER_OBJECT_CONVERSION = YES_AGGRESSIVE;
				CLANG_CXX_LANGUAGE_STANDARD = "gnu++0x";
				CLANG_CXX_LIBRARY = "libc++";
				CLANG_ENABLE_MODULES = YES;
				CLANG_ENABLE_OBJC_ARC = YES;
				CLANG_WARN_BOOL_CONVERSION = YES;
				CLANG_WARN_CONSTANT_CONVERSION = YES;
				CLANG_WARN_DIRECT_OBJC_ISA_USAGE = YES_ERROR;
				CLANG_WARN_DOCUMENTATION_COMMENTS = YES;
				CLANG_WARN_EMPTY_BODY = YES;
				CLANG_WARN_ENUM_CONVERSION = YES;
				CLANG_WARN_INFINITE_RECURSION = YES;
				CLANG_WARN_INT_CONVERSION = YES;
				CLANG_WARN_OBJC_ROOT_CLASS = YES_ERROR;
				CLANG_WARN_SUSPICIOUS_MOVE = YES;
				CLANG_WARN_UNREACHABLE_CODE = YES;
				CLANG_WARN__DUPLICATE_METHOD_MATCH = YES;
				CODE_SIGN_IDENTITY = "-";
				COPY_PHASE_STRIP = NO;
				DEBUG_INFORMATION_FORMAT = dwarf;
				ENABLE_STRICT_OBJC_MSGSEND = YES;
				ENABLE_TESTABILITY = YES;
				GCC_C_LANGUAGE_STANDARD = gnu99;
				GCC_DYNAMIC_NO_PIC = NO;
				GCC_NO_COMMON_BLOCKS = YES;
				GCC_OPTIMIZATION_LEVEL = 0;
				GCC_PREPROCESSOR_DEFINITIONS = (
					"DEBUG=1",
					"$(inherited)",
				);
				GCC_WARN_64_TO_32_BIT_CONVERSION = YES;
				GCC_WARN_ABOUT_RETURN_TYPE = YES_ERROR;
				GCC_WARN_UNDECLARED_SELECTOR = YES;
				GCC_WARN_UNINITIALIZED_AUTOS = YES_AGGRESSIVE;
				GCC_WARN_UNUSED_FUNCTION = YES;
				GCC_WARN_UNUSED_VARIABLE = YES;
				MACOSX_DEPLOYMENT_TARGET = 10.12;
				MTL_ENABLE_DEBUG_INFO = YES;
				ONLY_ACTIVE_ARCH = YES;
				SDKROOT = macosx;
				SWIFT_ACTIVE_COMPILATION_CONDITIONS = DEBUG;
				SWIFT_OPTIMIZATION_LEVEL = "-Onone";
			};
			name = Debug;
		};
		652006171F463E1700D9FD2F /* Release */ = {
			isa = XCBuildConfiguration;
			buildSettings = {
				ALWAYS_SEARCH_USER_PATHS = NO;
				CLANG_ANALYZER_NONNULL = YES;
				CLANG_ANALYZER_NUMBER_OBJECT_CONVERSION = YES_AGGRESSIVE;
				CLANG_CXX_LANGUAGE_STANDARD = "gnu++0x";
				CLANG_CXX_LIBRARY = "libc++";
				CLANG_ENABLE_MODULES = YES;
				CLANG_ENABLE_OBJC_ARC = YES;
				CLANG_WARN_BOOL_CONVERSION = YES;
				CLANG_WARN_CONSTANT_CONVERSION = YES;
				CLANG_WARN_DIRECT_OBJC_ISA_USAGE = YES_ERROR;
				CLANG_WARN_DOCUMENTATION_COMMENTS = YES;
				CLANG_WARN_EMPTY_BODY = YES;
				CLANG_WARN_ENUM_CONVERSION = YES;
				CLANG_WARN_INFINITE_RECURSION = YES;
				CLANG_WARN_INT_CONVERSION = YES;
				CLANG_WARN_OBJC_ROOT_CLASS = YES_ERROR;
				CLANG_WARN_SUSPICIOUS_MOVE = YES;
				CLANG_WARN_UNREACHABLE_CODE = YES;
				CLANG_WARN__DUPLICATE_METHOD_MATCH = YES;
				CODE_SIGN_IDENTITY = "-";
				COPY_PHASE_STRIP = NO;
				DEBUG_INFORMATION_FORMAT = "dwarf-with-dsym";
				ENABLE_NS_ASSERTIONS = NO;
				ENABLE_STRICT_OBJC_MSGSEND = YES;
				GCC_C_LANGUAGE_STANDARD = gnu99;
				GCC_NO_COMMON_BLOCKS = YES;
				GCC_WARN_64_TO_32_BIT_CONVERSION = YES;
				GCC_WARN_ABOUT_RETURN_TYPE = YES_ERROR;
				GCC_WARN_UNDECLARED_SELECTOR = YES;
				GCC_WARN_UNINITIALIZED_AUTOS = YES_AGGRESSIVE;
				GCC_WARN_UNUSED_FUNCTION = YES;
				GCC_WARN_UNUSED_VARIABLE = YES;
				MACOSX_DEPLOYMENT_TARGET = 10.12;
				MTL_ENABLE_DEBUG_INFO = NO;
				SDKROOT = macosx;
				SWIFT_OPTIMIZATION_LEVEL = "-Owholemodule";
			};
			name = Release;
		};
		652006191F463E1700D9FD2F /* Debug */ = {
			isa = XCBuildConfiguration;
			buildSettings = {
				ASSETCATALOG_COMPILER_APPICON_NAME = AppIcon;
				COMBINE_HIDPI_IMAGES = YES;
				INFOPLIST_FILE = tyke/Info.plist;
				LD_RUNPATH_SEARCH_PATHS = "$(inherited) @executable_path/../Frameworks";
				PRODUCT_BUNDLE_IDENTIFIER = org.torrez.tyke;
				PRODUCT_NAME = "$(TARGET_NAME)";
				SWIFT_VERSION = 3.0;
			};
			name = Debug;
		};
		6520061A1F463E1700D9FD2F /* Release */ = {
			isa = XCBuildConfiguration;
			buildSettings = {
				ASSETCATALOG_COMPILER_APPICON_NAME = AppIcon;
				COMBINE_HIDPI_IMAGES = YES;
				INFOPLIST_FILE = tyke/Info.plist;
				LD_RUNPATH_SEARCH_PATHS = "$(inherited) @executable_path/../Frameworks";
				PRODUCT_BUNDLE_IDENTIFIER = org.torrez.tyke;
				PRODUCT_NAME = "$(TARGET_NAME)";
				SWIFT_VERSION = 3.0;
			};
			name = Release;
		};
/* End XCBuildConfiguration section */

/* Begin XCConfigurationList section */
		652006041F463E1700D9FD2F /* Build configuration list for PBXProject "tyke" */ = {
			isa = XCConfigurationList;
			buildConfigurations = (
				652006161F463E1700D9FD2F /* Debug */,
				652006171F463E1700D9FD2F /* Release */,
			);
			defaultConfigurationIsVisible = 0;
			defaultConfigurationName = Release;
		};
		652006181F463E1700D9FD2F /* Build configuration list for PBXNativeTarget "tyke" */ = {
			isa = XCConfigurationList;
			buildConfigurations = (
				652006191F463E1700D9FD2F /* Debug */,
				6520061A1F463E1700D9FD2F /* Release */,
			);
			defaultConfigurationIsVisible = 0;
			defaultConfigurationName = Release;
		};
/* End XCConfigurationList section */
	};
	rootObject = 652006011F463E1700D9FD2F /* Project object */;
}
